
Microsoft Visual Studio Solution File, Format Version 12.00
# Visual Studio 2013
VisualStudioVersion = 12.0.31101.0
MinimumVisualStudioVersion = 10.0.40219.1
Project("{FAE04EC0-301F-11D3-BF4B-00C04F79EFBC}") = "MotorProtection.Constant", "MotorProtection.Constant\MotorProtection.Constant.csproj", "{7156D120-8942-467B-B024-A45205A3FFF4}"
EndProject
Project("{FAE04EC0-301F-11D3-BF4B-00C04F79EFBC}") = "AlphaProtocal", "AlphaProtocal\AlphaProtocal.csproj", "{0A523D81-64A0-4D62-85AE-639B89D8344A}"
EndProject
Project("{FAE04EC0-301F-11D3-BF4B-00C04F79EFBC}") = "MotorProtection.Core", "MotorProtection.Core\MotorProtection.Core.csproj", "{0A7E5D38-3F67-4AAA-9C8D-86641CD8FD7E}"
	ProjectSection(ProjectDependencies) = postProject
		{7156D120-8942-467B-B024-A45205A3FFF4} = {7156D120-8942-467B-B024-A45205A3FFF4}
		{0A523D81-64A0-4D62-85AE-639B89D8344A} = {0A523D81-64A0-4D62-85AE-639B89D8344A}
	EndProjectSection
EndProject
Project("{2150E333-8FDC-42A3-9474-1A3956D46DE8}") = "Tool", "Tool", "{616EE547-EA20-4167-8A5B-A337B1C96990}"
EndProject
Project("{FAE04EC0-301F-11D3-BF4B-00C04F79EFBC}") = "ModbusTester", "Tool\ModbusTester\ModbusTester.csproj", "{EE6429D4-D1E9-4CF4-B075-0CFB62AB8C76}"
EndProject
Project("{FAE04EC0-301F-11D3-BF4B-00C04F79EFBC}") = "MotorProtection.UI", "MotorProtection.UI\MotorProtection.UI.csproj", "{08319AFD-451E-4312-90DF-592263F27F29}"
	ProjectSection(ProjectDependencies) = postProject
		{7156D120-8942-467B-B024-A45205A3FFF4} = {7156D120-8942-467B-B024-A45205A3FFF4}
		{0A7E5D38-3F67-4AAA-9C8D-86641CD8FD7E} = {0A7E5D38-3F67-4AAA-9C8D-86641CD8FD7E}
		{0A523D81-64A0-4D62-85AE-639B89D8344A} = {0A523D81-64A0-4D62-85AE-639B89D8344A}
	EndProjectSection
EndProject
Project("{FAE04EC0-301F-11D3-BF4B-00C04F79EFBC}") = "MotorProtection.Test", "MotorProtection.Test\MotorProtection.Test.csproj", "{A1D990B7-A418-426D-928B-7ECBEF31E0AD}"
	ProjectSection(ProjectDependencies) = postProject
		{7156D120-8942-467B-B024-A45205A3FFF4} = {7156D120-8942-467B-B024-A45205A3FFF4}
		{0A7E5D38-3F67-4AAA-9C8D-86641CD8FD7E} = {0A7E5D38-3F67-4AAA-9C8D-86641CD8FD7E}
		{0A523D81-64A0-4D62-85AE-639B89D8344A} = {0A523D81-64A0-4D62-85AE-639B89D8344A}
	EndProjectSection
EndProject
Project("{FAE04EC0-301F-11D3-BF4B-00C04F79EFBC}") = "PasswordGenerator", "Tool\PasswordGenerator\PasswordGenerator.csproj", "{99452F77-1B07-4002-9DCC-113EFEC770D3}"
EndProject
Project("{FAE04EC0-301F-11D3-BF4B-00C04F79EFBC}") = "MotorProtection.JobManager", "MotorProtection.JobManager\MotorProtection.JobManager.csproj", "{C90A6A02-2849-418E-9427-D41FE2C4F424}"
EndProject
Global
	GlobalSection(SolutionConfigurationPlatforms) = preSolution
		Debug|Any CPU = Debug|Any CPU
		Release|Any CPU = Release|Any CPU
	EndGlobalSection
	GlobalSection(ProjectConfigurationPlatforms) = postSolution
		{7156D120-8942-467B-B024-A45205A3FFF4}.Debug|Any CPU.ActiveCfg = Debug|Any CPU
		{7156D120-8942-467B-B024-A45205A3FFF4}.Debug|Any CPU.Build.0 = Debug|Any CPU
		{7156D120-8942-467B-B024-A45205A3FFF4}.Release|Any CPU.ActiveCfg = Release|Any CPU
		{7156D120-8942-467B-B024-A45205A3FFF4}.Release|Any CPU.Build.0 = Release|Any CPU
		{0A523D81-64A0-4D62-85AE-639B89D8344A}.Debug|Any CPU.ActiveCfg = Debug|Any CPU
		{0A523D81-64A0-4D62-85AE-639B89D8344A}.Debug|Any CPU.Build.0 = Debug|Any CPU
		{0A523D81-64A0-4D62-85AE-639B89D8344A}.Release|Any CPU.ActiveCfg = Release|Any CPU
		{0A523D81-64A0-4D62-85AE-639B89D8344A}.Release|Any CPU.Build.0 = Release|Any CPU
		{0A7E5D38-3F67-4AAA-9C8D-86641CD8FD7E}.Debug|Any CPU.ActiveCfg = Debug|Any CPU
		{0A7E5D38-3F67-4AAA-9C8D-86641CD8FD7E}.Debug|Any CPU.Build.0 = Debug|Any CPU
		{0A7E5D38-3F67-4AAA-9C8D-86641CD8FD7E}.Release|Any CPU.ActiveCfg = Release|Any CPU
		{0A7E5D38-3F67-4AAA-9C8D-86641CD8FD7E}.Release|Any CPU.Build.0 = Release|Any CPU
		{EE6429D4-D1E9-4CF4-B075-0CFB62AB8C76}.Debug|Any CPU.ActiveCfg = Debug|Any CPU
		{EE6429D4-D1E9-4CF4-B075-0CFB62AB8C76}.Debug|Any CPU.Build.0 = Debug|Any CPU
		{EE6429D4-D1E9-4CF4-B075-0CFB62AB8C76}.Release|Any CPU.ActiveCfg = Release|Any CPU
		{EE6429D4-D1E9-4CF4-B075-0CFB62AB8C76}.Release|Any CPU.Build.0 = Release|Any CPU
		{08319AFD-451E-4312-90DF-592263F27F29}.Debug|Any CPU.ActiveCfg = Debug|Any CPU
		{08319AFD-451E-4312-90DF-592263F27F29}.Debug|Any CPU.Build.0 = Debug|Any CPU
		{08319AFD-451E-4312-90DF-592263F27F29}.Release|Any CPU.ActiveCfg = Release|Any CPU
		{08319AFD-451E-4312-90DF-592263F27F29}.Release|Any CPU.Build.0 = Release|Any CPU
		{A1D990B7-A418-426D-928B-7ECBEF31E0AD}.Debug|Any CPU.ActiveCfg = Debug|Any CPU
		{A1D990B7-A418-426D-928B-7ECBEF31E0AD}.Debug|Any CPU.Build.0 = Debug|Any CPU
		{A1D990B7-A418-426D-928B-7ECBEF31E0AD}.Release|Any CPU.ActiveCfg = Release|Any CPU
		{A1D990B7-A418-426D-928B-7ECBEF31E0AD}.Release|Any CPU.Build.0 = Release|Any CPU
		{99452F77-1B07-4002-9DCC-113EFEC770D3}.Debug|Any CPU.ActiveCfg = Debug|Any CPU
		{99452F77-1B07-4002-9DCC-113EFEC770D3}.Debug|Any CPU.Build.0 = Debug|Any CPU
		{99452F77-1B07-4002-9DCC-113EFEC770D3}.Release|Any CPU.ActiveCfg = Release|Any CPU
		{99452F77-1B07-4002-9DCC-113EFEC770D3}.Release|Any CPU.Build.0 = Release|Any CPU
		{C90A6A02-2849-418E-9427-D41FE2C4F424}.Debug|Any CPU.ActiveCfg = Debug|Any CPU
		{C90A6A02-2849-418E-9427-D41FE2C4F424}.Debug|Any CPU.Build.0 = Debug|Any CPU
		{C90A6A02-2849-418E-9427-D41FE2C4F424}.Release|Any CPU.ActiveCfg = Release|Any CPU
		{C90A6A02-2849-418E-9427-D41FE2C4F424}.Release|Any CPU.Build.0 = Release|Any CPU
	EndGlobalSection
	GlobalSection(SolutionProperties) = preSolution
		HideSolutionNode = FALSE
	EndGlobalSection
	GlobalSection(NestedProjects) = preSolution
		{EE6429D4-D1E9-4CF4-B075-0CFB62AB8C76} = {616EE547-EA20-4167-8A5B-A337B1C96990}
		{99452F77-1B07-4002-9DCC-113EFEC770D3} = {616EE547-EA20-4167-8A5B-A337B1C96990}
	EndGlobalSection
EndGlobal
